
Microsoft Visual Studio Solution File, Format Version 12.00
# Visual Studio Version 16
VisualStudioVersion = 16.0.33920.266
MinimumVisualStudioVersion = 15.0.26124.0
Project("{9A19103F-16F7-4668-BE54-9A1E7A4F7556}") = "API", "API\API.csproj", "{D7054C76-F633-40E2-92CB-3E98EDC9295E}"
EndProject
Project("{FAE04EC0-301F-11D3-BF4B-00C04F79EFBC}") = "API.Core", "API.Core\API.Core.csproj", "{46B6CE22-DEBD-4BA6-9AE5-AC324E6C351E}"
EndProject
Project("{FAE04EC0-301F-11D3-BF4B-00C04F79EFBC}") = "API.Infrastructure", "API.Infrastructure\API.Infrastructure.csproj", "{DA5B5FF4-04C1-4F6C-AC58-D9FA9FE4661B}"
EndProject
Global
	GlobalSection(SolutionConfigurationPlatforms) = preSolution
		Debug|Any CPU = Debug|Any CPU
		Debug|x64 = Debug|x64
		Debug|x86 = Debug|x86
		Release|Any CPU = Release|Any CPU
		Release|x64 = Release|x64
		Release|x86 = Release|x86
	EndGlobalSection
	GlobalSection(ProjectConfigurationPlatforms) = postSolution
		{D7054C76-F633-40E2-92CB-3E98EDC9295E}.Debug|Any CPU.ActiveCfg = Debug|Any CPU
		{D7054C76-F633-40E2-92CB-3E98EDC9295E}.Debug|Any CPU.Build.0 = Debug|Any CPU
		{D7054C76-F633-40E2-92CB-3E98EDC9295E}.Debug|x64.ActiveCfg = Debug|Any CPU
		{D7054C76-F633-40E2-92CB-3E98EDC9295E}.Debug|x64.Build.0 = Debug|Any CPU
		{D7054C76-F633-40E2-92CB-3E98EDC9295E}.Debug|x86.ActiveCfg = Debug|Any CPU
		{D7054C76-F633-40E2-92CB-3E98EDC9295E}.Debug|x86.Build.0 = Debug|Any CPU
		{D7054C76-F633-40E2-92CB-3E98EDC9295E}.Release|Any CPU.ActiveCfg = Release|Any CPU
		{D7054C76-F633-40E2-92CB-3E98EDC9295E}.Release|Any CPU.Build.0 = Release|Any CPU
		{D7054C76-F633-40E2-92CB-3E98EDC9295E}.Release|x64.ActiveCfg = Release|Any CPU
		{D7054C76-F633-40E2-92CB-3E98EDC9295E}.Release|x64.Build.0 = Release|Any CPU
		{D7054C76-F633-40E2-92CB-3E98EDC9295E}.Release|x86.ActiveCfg = Release|Any CPU
		{D7054C76-F633-40E2-92CB-3E98EDC9295E}.Release|x86.Build.0 = Release|Any CPU
		{46B6CE22-DEBD-4BA6-9AE5-AC324E6C351E}.Debug|Any CPU.ActiveCfg = Debug|Any CPU
		{46B6CE22-DEBD-4BA6-9AE5-AC324E6C351E}.Debug|Any CPU.Build.0 = Debug|Any CPU
		{46B6CE22-DEBD-4BA6-9AE5-AC324E6C351E}.Debug|x64.ActiveCfg = Debug|Any CPU
		{46B6CE22-DEBD-4BA6-9AE5-AC324E6C351E}.Debug|x64.Build.0 = Debug|Any CPU
		{46B6CE22-DEBD-4BA6-9AE5-AC324E6C351E}.Debug|x86.ActiveCfg = Debug|Any CPU
		{46B6CE22-DEBD-4BA6-9AE5-AC324E6C351E}.Debug|x86.Build.0 = Debug|Any CPU
		{46B6CE22-DEBD-4BA6-9AE5-AC324E6C351E}.Release|Any CPU.ActiveCfg = Release|Any CPU
		{46B6CE22-DEBD-4BA6-9AE5-AC324E6C351E}.Release|Any CPU.Build.0 = Release|Any CPU
		{46B6CE22-DEBD-4BA6-9AE5-AC324E6C351E}.Release|x64.ActiveCfg = Release|Any CPU
		{46B6CE22-DEBD-4BA6-9AE5-AC324E6C351E}.Release|x64.Build.0 = Release|Any CPU
		{46B6CE22-DEBD-4BA6-9AE5-AC324E6C351E}.Release|x86.ActiveCfg = Release|Any CPU
		{46B6CE22-DEBD-4BA6-9AE5-AC324E6C351E}.Release|x86.Build.0 = Release|Any CPU
		{DA5B5FF4-04C1-4F6C-AC58-D9FA9FE4661B}.Debug|Any CPU.ActiveCfg = Debug|Any CPU
		{DA5B5FF4-04C1-4F6C-AC58-D9FA9FE4661B}.Debug|Any CPU.Build.0 = Debug|Any CPU
		{DA5B5FF4-04C1-4F6C-AC58-D9FA9FE4661B}.Debug|x64.ActiveCfg = Debug|Any CPU
		{DA5B5FF4-04C1-4F6C-AC58-D9FA9FE4661B}.Debug|x64.Build.0 = Debug|Any CPU
		{DA5B5FF4-04C1-4F6C-AC58-D9FA9FE4661B}.Debug|x86.ActiveCfg = Debug|Any CPU
		{DA5B5FF4-04C1-4F6C-AC58-D9FA9FE4661B}.Debug|x86.Build.0 = Debug|Any CPU
		{DA5B5FF4-04C1-4F6C-AC58-D9FA9FE4661B}.Release|Any CPU.ActiveCfg = Release|Any CPU
		{DA5B5FF4-04C1-4F6C-AC58-D9FA9FE4661B}.Release|Any CPU.Build.0 = Release|Any CPU
		{DA5B5FF4-04C1-4F6C-AC58-D9FA9FE4661B}.Release|x64.ActiveCfg = Release|Any CPU
		{DA5B5FF4-04C1-4F6C-AC58-D9FA9FE4661B}.Release|x64.Build.0 = Release|Any CPU
		{DA5B5FF4-04C1-4F6C-AC58-D9FA9FE4661B}.Release|x86.ActiveCfg = Release|Any CPU
		{DA5B5FF4-04C1-4F6C-AC58-D9FA9FE4661B}.Release|x86.Build.0 = Release|Any CPU
	EndGlobalSection
	GlobalSection(SolutionProperties) = preSolution
		HideSolutionNode = FALSE
	EndGlobalSection
	GlobalSection(ExtensibilityGlobals) = postSolution
		SolutionGuid = {0E7872E2-870A-4B13-B113-B4257356CAE1}
	EndGlobalSection
EndGlobal
